
Microsoft Visual Studio Solution File, Format Version 12.00
# Visual Studio Version 17
VisualStudioVersion = 17.5.002.0
MinimumVisualStudioVersion = 10.0.40219.1
Project("{9A19103F-16F7-4668-BE54-9A1E7A4F7556}") = "DatabaseApiCode", "DatabaseApiCode.csproj", "{B4E0A909-E7DB-4FD0-9420-27C247783E83}"
EndProject
Global
	GlobalSection(SolutionConfigurationPlatforms) = preSolution
		Debug|Any CPU = Debug|Any CPU
		Release|Any CPU = Release|Any CPU
	EndGlobalSection
	GlobalSection(ProjectConfigurationPlatforms) = postSolution
		{B4E0A909-E7DB-4FD0-9420-27C247783E83}.Debug|Any CPU.ActiveCfg = Debug|Any CPU
		{B4E0A909-E7DB-4FD0-9420-27C247783E83}.Debug|Any CPU.Build.0 = Debug|Any CPU
		{B4E0A909-E7DB-4FD0-9420-27C247783E83}.Release|Any CPU.ActiveCfg = Release|Any CPU
		{B4E0A909-E7DB-4FD0-9420-27C247783E83}.Release|Any CPU.Build.0 = Release|Any CPU
	EndGlobalSection
	GlobalSection(SolutionProperties) = preSolution
		HideSolutionNode = FALSE
	EndGlobalSection
	GlobalSection(ExtensibilityGlobals) = postSolution
		SolutionGuid = {C5F0A4D1-70F8-4387-9B19-EBB03B053797}
	EndGlobalSection
EndGlobal
